
Microsoft Visual Studio Solution File, Format Version 12.00
# Visual Studio Version 17
VisualStudioVersion = 17.13.35931.197 d17.13
MinimumVisualStudioVersion = 10.0.40219.1
Project("{FAE04EC0-301F-11D3-BF4B-00C04F79EFBC}") = "MementoWebApp", "MementoWebApp.csproj", "{EC024B0E-FB05-4DAF-8FA4-92A57A11D2E9}"
EndProject
Global
	GlobalSection(SolutionConfigurationPlatforms) = preSolution
		Debug|Any CPU = Debug|Any CPU
		Release|Any CPU = Release|Any CPU
	EndGlobalSection
	GlobalSection(ProjectConfigurationPlatforms) = postSolution
		{EC024B0E-FB05-4DAF-8FA4-92A57A11D2E9}.Debug|Any CPU.ActiveCfg = Debug|Any CPU
		{EC024B0E-FB05-4DAF-8FA4-92A57A11D2E9}.Debug|Any CPU.Build.0 = Debug|Any CPU
		{EC024B0E-FB05-4DAF-8FA4-92A57A11D2E9}.Release|Any CPU.ActiveCfg = Release|Any CPU
		{EC024B0E-FB05-4DAF-8FA4-92A57A11D2E9}.Release|Any CPU.Build.0 = Release|Any CPU
	EndGlobalSection
	GlobalSection(SolutionProperties) = preSolution
		HideSolutionNode = FALSE
	EndGlobalSection
	GlobalSection(ExtensibilityGlobals) = postSolution
		SolutionGuid = {FE7CA19D-6822-4D12-8400-EC5FD71E9685}
	EndGlobalSection
EndGlobal
